github.com/burntcarrot/ricecake v0.1.0 h1:RrEvoMDjhADcpdHUQUQ23xl7n/VUlM5DTdiox26Na2k=
github.com/burntcarrot/ricecake v0.1.0/go.mod h1:3qlvtsP1lsrYgqiplNnlUQoHEUVp0NEWZJKVNHBSds0=
github.com/spf13/pflag v1.0.5 h1:iy+VFUOCP1a+8yFto/drg2CJ5u0yRoB7fZw3DKv/JXA=
github.com/spf13/pflag v1.0.5/go.mod h1:McXfInJRrz4CZXVZOBLb0bTZqETkiAhM9Iw0y3An2Bg=
